
Microsoft Visual Studio Solution File, Format Version 12.00
# Visual Studio Version 16
VisualStudioVersion = 16.0.29728.190
MinimumVisualStudioVersion = 10.0.40219.1
Project("{F184B08F-C81C-45F6-A57F-5ABD9991F28F}") = "SimpleSpoof", "SimpleSpoof\SimpleSpoof.vbproj", "{4C31B0F1-6EDA-4B7E-8CD3-A672D7C93B1B}"
EndProject
Global
	GlobalSection(SolutionConfigurationPlatforms) = preSolution
		Debug|Any CPU = Debug|Any CPU
		Release|Any CPU = Release|Any CPU
	EndGlobalSection
	GlobalSection(ProjectConfigurationPlatforms) = postSolution
		{4C31B0F1-6EDA-4B7E-8CD3-A672D7C93B1B}.Debug|Any CPU.ActiveCfg = Debug|Any CPU
		{4C31B0F1-6EDA-4B7E-8CD3-A672D7C93B1B}.Debug|Any CPU.Build.0 = Debug|Any CPU
		{4C31B0F1-6EDA-4B7E-8CD3-A672D7C93B1B}.Release|Any CPU.ActiveCfg = Release|Any CPU
		{4C31B0F1-6EDA-4B7E-8CD3-A672D7C93B1B}.Release|Any CPU.Build.0 = Release|Any CPU
	EndGlobalSection
	GlobalSection(SolutionProperties) = preSolution
		HideSolutionNode = FALSE
	EndGlobalSection
	GlobalSection(ExtensibilityGlobals) = postSolution
		SolutionGuid = {A0D83111-0B47-452A-827E-0E5D510E0EB6}
	EndGlobalSection
EndGlobal
